
Microsoft Visual Studio Solution File, Format Version 12.00
# Visual Studio Version 17
VisualStudioVersion = 17.14.36518.9 d17.14
MinimumVisualStudioVersion = 10.0.40219.1
Project("{FAE04EC0-301F-11D3-BF4B-00C04F79EFBC}") = "AI_StudioPOV", "AI_StudioPOV\AI_StudioPOV.csproj", "{14A1DAB2-4827-47C3-AE2D-6262BB19F210}"
EndProject
Project("{FAE04EC0-301F-11D3-BF4B-00C04F79EFBC}") = "PH_StudioPOV", "PH_StudioPOV\PH_StudioPOV.csproj", "{79A0101D-34BF-4B99-AB87-054E4B2CDE2F}"
EndProject
Project("{FAE04EC0-301F-11D3-BF4B-00C04F79EFBC}") = "HS2_StudioPOV", "HS2_StudioPOV\HS2_StudioPOV.csproj", "{CF7A21A5-F99E-44E9-B63B-400183EF2F2D}"
EndProject
Project("{FAE04EC0-301F-11D3-BF4B-00C04F79EFBC}") = "KK_StudioPOV", "KK_StudioPOV\KK_StudioPOV.csproj", "{30CC0DD3-5FCD-4498-82B9-A896DA739DDD}"
EndProject
Project("{2150E333-8FDC-42A3-9474-1A3956D46DE8}") = "_Solution", "_Solution", "{02EA681E-C7D8-13C7-8484-4AC65E1B71E8}"
	ProjectSection(SolutionItems) = preProject
		Directory.Build.props = Directory.Build.props
		README.md = README.md
	EndProjectSection
EndProject
Global
	GlobalSection(SolutionConfigurationPlatforms) = preSolution
		Debug|Any CPU = Debug|Any CPU
		Release|Any CPU = Release|Any CPU
	EndGlobalSection
	GlobalSection(ProjectConfigurationPlatforms) = postSolution
		{14A1DAB2-4827-47C3-AE2D-6262BB19F210}.Debug|Any CPU.ActiveCfg = Debug|Any CPU
		{14A1DAB2-4827-47C3-AE2D-6262BB19F210}.Debug|Any CPU.Build.0 = Debug|Any CPU
		{14A1DAB2-4827-47C3-AE2D-6262BB19F210}.Release|Any CPU.ActiveCfg = Release|Any CPU
		{14A1DAB2-4827-47C3-AE2D-6262BB19F210}.Release|Any CPU.Build.0 = Release|Any CPU
		{79A0101D-34BF-4B99-AB87-054E4B2CDE2F}.Debug|Any CPU.ActiveCfg = Debug|Any CPU
		{79A0101D-34BF-4B99-AB87-054E4B2CDE2F}.Debug|Any CPU.Build.0 = Debug|Any CPU
		{79A0101D-34BF-4B99-AB87-054E4B2CDE2F}.Release|Any CPU.ActiveCfg = Release|Any CPU
		{79A0101D-34BF-4B99-AB87-054E4B2CDE2F}.Release|Any CPU.Build.0 = Release|Any CPU
		{CF7A21A5-F99E-44E9-B63B-400183EF2F2D}.Debug|Any CPU.ActiveCfg = Debug|Any CPU
		{CF7A21A5-F99E-44E9-B63B-400183EF2F2D}.Debug|Any CPU.Build.0 = Debug|Any CPU
		{CF7A21A5-F99E-44E9-B63B-400183EF2F2D}.Release|Any CPU.ActiveCfg = Release|Any CPU
		{CF7A21A5-F99E-44E9-B63B-400183EF2F2D}.Release|Any CPU.Build.0 = Release|Any CPU
		{30CC0DD3-5FCD-4498-82B9-A896DA739DDD}.Debug|Any CPU.ActiveCfg = Debug|Any CPU
		{30CC0DD3-5FCD-4498-82B9-A896DA739DDD}.Debug|Any CPU.Build.0 = Debug|Any CPU
		{30CC0DD3-5FCD-4498-82B9-A896DA739DDD}.Release|Any CPU.ActiveCfg = Release|Any CPU
		{30CC0DD3-5FCD-4498-82B9-A896DA739DDD}.Release|Any CPU.Build.0 = Release|Any CPU
	EndGlobalSection
	GlobalSection(SolutionProperties) = preSolution
		HideSolutionNode = FALSE
	EndGlobalSection
	GlobalSection(ExtensibilityGlobals) = postSolution
		SolutionGuid = {25FE356F-2A1A-403A-B190-E289DBD9C442}
	EndGlobalSection
EndGlobal
