
Microsoft Visual Studio Solution File, Format Version 12.00
Project("{FAE04EC0-301F-11D3-BF4B-00C04F79EFBC}") = "AI_StudioPOV", "AI_StudioPOV\AI_StudioPOV.csproj", "{14A1DAB2-4827-47C3-AE2D-6262BB19F210}"
EndProject
Project("{FAE04EC0-301F-11D3-BF4B-00C04F79EFBC}") = "PH_StudioPOV", "PH_StudioPOV\PH_StudioPOV.csproj", "{79A0101D-34BF-4B99-AB87-054E4B2CDE2F}"
EndProject
Project("{FAE04EC0-301F-11D3-BF4B-00C04F79EFBC}") = "HS2_StudioPOV", "HS2_StudioPOV\HS2_StudioPOV.csproj", "{CF7A21A5-F99E-44E9-B63B-400183EF2F2D}"
EndProject
Global
	GlobalSection(SolutionConfigurationPlatforms) = preSolution
		Debug|Any CPU = Debug|Any CPU
		Release|Any CPU = Release|Any CPU
	EndGlobalSection
	GlobalSection(ProjectConfigurationPlatforms) = postSolution
		{14A1DAB2-4827-47C3-AE2D-6262BB19F210}.Debug|Any CPU.ActiveCfg = Debug|Any CPU
		{14A1DAB2-4827-47C3-AE2D-6262BB19F210}.Debug|Any CPU.Build.0 = Debug|Any CPU
		{14A1DAB2-4827-47C3-AE2D-6262BB19F210}.Release|Any CPU.ActiveCfg = Release|Any CPU
		{14A1DAB2-4827-47C3-AE2D-6262BB19F210}.Release|Any CPU.Build.0 = Release|Any CPU
		{79A0101D-34BF-4B99-AB87-054E4B2CDE2F}.Debug|Any CPU.ActiveCfg = Debug|Any CPU
		{79A0101D-34BF-4B99-AB87-054E4B2CDE2F}.Debug|Any CPU.Build.0 = Debug|Any CPU
		{79A0101D-34BF-4B99-AB87-054E4B2CDE2F}.Release|Any CPU.ActiveCfg = Release|Any CPU
		{79A0101D-34BF-4B99-AB87-054E4B2CDE2F}.Release|Any CPU.Build.0 = Release|Any CPU
		{CF7A21A5-F99E-44E9-B63B-400183EF2F2D}.Debug|Any CPU.ActiveCfg = Debug|Any CPU
		{CF7A21A5-F99E-44E9-B63B-400183EF2F2D}.Debug|Any CPU.Build.0 = Debug|Any CPU
		{CF7A21A5-F99E-44E9-B63B-400183EF2F2D}.Release|Any CPU.ActiveCfg = Release|Any CPU
		{CF7A21A5-F99E-44E9-B63B-400183EF2F2D}.Release|Any CPU.Build.0 = Release|Any CPU
	EndGlobalSection
EndGlobal
